// !$*UTF8*$!
{
	archiveVersion = 1;
	classes = {
	};
	objectVersion = 56;
	objects = {

/* Begin PBXBuildFile section */
		720770232A61C76000D1FA7C /* finalProjectApp.swift in Sources */ = {isa = PBXBuildFile; fileRef = 720770222A61C76000D1FA7C /* finalProjectApp.swift */; };
		720770252A61C76000D1FA7C /* ContentView.swift in Sources */ = {isa = PBXBuildFile; fileRef = 720770242A61C76000D1FA7C /* ContentView.swift */; };
		720770272A61C76200D1FA7C /* Assets.xcassets in Resources */ = {isa = PBXBuildFile; fileRef = 720770262A61C76200D1FA7C /* Assets.xcassets */; };
		7207702A2A61C76200D1FA7C /* Preview Assets.xcassets in Resources */ = {isa = PBXBuildFile; fileRef = 720770292A61C76200D1FA7C /* Preview Assets.xcassets */; };
		D25518ED2A684247003B7540 /* calenderPage.swift in Sources */ = {isa = PBXBuildFile; fileRef = D25518EC2A684247003B7540 /* calenderPage.swift */; };
		D25518EF2A68433A003B7540 /* resourcesPage.swift in Sources */ = {isa = PBXBuildFile; fileRef = D25518EE2A68433A003B7540 /* resourcesPage.swift */; };
		D25518F12A68438A003B7540 /* recipesPage.swift in Sources */ = {isa = PBXBuildFile; fileRef = D25518F02A68438A003B7540 /* recipesPage.swift */; };
		D25518F72A697362003B7540 /* foodLogPage.swift in Sources */ = {isa = PBXBuildFile; fileRef = D25518F62A697362003B7540 /* foodLogPage.swift */; };
		D25518F92A69FE2F003B7540 /* OrganizationsForResourves.swift in Sources */ = {isa = PBXBuildFile; fileRef = D25518F82A69FE2F003B7540 /* OrganizationsForResourves.swift */; };
		D25518FB2A69FEF1003B7540 /* LearnMoreAboutFoodWaste.swift in Sources */ = {isa = PBXBuildFile; fileRef = D25518FA2A69FEF1003B7540 /* LearnMoreAboutFoodWaste.swift */; };
		D25518FD2A69FF4B003B7540 /* QRCode.swift in Sources */ = {isa = PBXBuildFile; fileRef = D25518FC2A69FF4B003B7540 /* QRCode.swift */; };
/* End PBXBuildFile section */

/* Begin PBXFileReference section */
		7207701F2A61C76000D1FA7C /* finalProject.app */ = {isa = PBXFileReference; explicitFileType = wrapper.application; includeInIndex = 0; path = finalProject.app; sourceTree = BUILT_PRODUCTS_DIR; };
		720770222A61C76000D1FA7C /* finalProjectApp.swift */ = {isa = PBXFileReference; lastKnownFileType = sourcecode.swift; path = finalProjectApp.swift; sourceTree = "<group>"; };
		720770242A61C76000D1FA7C /* ContentView.swift */ = {isa = PBXFileReference; lastKnownFileType = sourcecode.swift; path = ContentView.swift; sourceTree = "<group>"; };
		720770262A61C76200D1FA7C /* Assets.xcassets */ = {isa = PBXFileReference; lastKnownFileType = folder.assetcatalog; path = Assets.xcassets; sourceTree = "<group>"; };
		720770292A61C76200D1FA7C /* Preview Assets.xcassets */ = {isa = PBXFileReference; lastKnownFileType = folder.assetcatalog; path = "Preview Assets.xcassets"; sourceTree = "<group>"; };
		D25518EC2A684247003B7540 /* calenderPage.swift */ = {isa = PBXFileReference; lastKnownFileType = sourcecode.swift; path = calenderPage.swift; sourceTree = "<group>"; };
		D25518EE2A68433A003B7540 /* resourcesPage.swift */ = {isa = PBXFileReference; lastKnownFileType = sourcecode.swift; path = resourcesPage.swift; sourceTree = "<group>"; };
		D25518F02A68438A003B7540 /* recipesPage.swift */ = {isa = PBXFileReference; lastKnownFileType = sourcecode.swift; path = recipesPage.swift; sourceTree = "<group>"; };
		D25518F62A697362003B7540 /* foodLogPage.swift */ = {isa = PBXFileReference; lastKnownFileType = sourcecode.swift; path = foodLogPage.swift; sourceTree = "<group>"; };
		D25518F82A69FE2F003B7540 /* OrganizationsForResourves.swift */ = {isa = PBXFileReference; lastKnownFileType = sourcecode.swift; path = OrganizationsForResourves.swift; sourceTree = "<group>"; };
		D25518FA2A69FEF1003B7540 /* LearnMoreAboutFoodWaste.swift */ = {isa = PBXFileReference; lastKnownFileType = sourcecode.swift; path = LearnMoreAboutFoodWaste.swift; sourceTree = "<group>"; };
		D25518FC2A69FF4B003B7540 /* QRCode.swift */ = {isa = PBXFileReference; lastKnownFileType = sourcecode.swift; path = QRCode.swift; sourceTree = "<group>"; };
/* End PBXFileReference section */

/* Begin PBXFrameworksBuildPhase section */
		7207701C2A61C76000D1FA7C /* Frameworks */ = {
			isa = PBXFrameworksBuildPhase;
			buildActionMask = 2147483647;
			files = (
			);
			runOnlyForDeploymentPostprocessing = 0;
		};
/* End PBXFrameworksBuildPhase section */

/* Begin PBXGroup section */
		720770162A61C76000D1FA7C = {
			isa = PBXGroup;
			children = (
				720770212A61C76000D1FA7C /* finalProject */,
				720770202A61C76000D1FA7C /* Products */,
			);
			sourceTree = "<group>";
		};
		720770202A61C76000D1FA7C /* Products */ = {
			isa = PBXGroup;
			children = (
				7207701F2A61C76000D1FA7C /* finalProject.app */,
			);
			name = Products;
			sourceTree = "<group>";
		};
		720770212A61C76000D1FA7C /* finalProject */ = {
			isa = PBXGroup;
			children = (
				720770222A61C76000D1FA7C /* finalProjectApp.swift */,
				720770242A61C76000D1FA7C /* ContentView.swift */,
				D25518F02A68438A003B7540 /* recipesPage.swift */,
				D25518EE2A68433A003B7540 /* resourcesPage.swift */,
				D25518FC2A69FF4B003B7540 /* QRCode.swift */,
				D25518FA2A69FEF1003B7540 /* LearnMoreAboutFoodWaste.swift */,
				D25518EC2A684247003B7540 /* calenderPage.swift */,
				D25518F82A69FE2F003B7540 /* OrganizationsForResourves.swift */,
				D25518F62A697362003B7540 /* foodLogPage.swift */,
				720770262A61C76200D1FA7C /* Assets.xcassets */,
				720770282A61C76200D1FA7C /* Preview Content */,
			);
			path = finalProject;
			sourceTree = "<group>";
		};
		720770282A61C76200D1FA7C /* Preview Content */ = {
			isa = PBXGroup;
			children = (
				720770292A61C76200D1FA7C /* Preview Assets.xcassets */,
			);
			path = "Preview Content";
			sourceTree = "<group>";
		};
/* End PBXGroup section */

/* Begin PBXNativeTarget section */
		7207701E2A61C76000D1FA7C /* finalProject */ = {
			isa = PBXNativeTarget;
			buildConfigurationList = 7207702D2A61C76200D1FA7C /* Build configuration list for PBXNativeTarget "finalProject" */;
			buildPhases = (
				7207701B2A61C76000D1FA7C /* Sources */,
				7207701C2A61C76000D1FA7C /* Frameworks */,
				7207701D2A61C76000D1FA7C /* Resources */,
			);
			buildRules = (
			);
			dependencies = (
			);
			name = finalProject;
			productName = finalProject;
			productReference = 7207701F2A61C76000D1FA7C /* finalProject.app */;
			productType = "com.apple.product-type.application";
		};
/* End PBXNativeTarget section */

/* Begin PBXProject section */
		720770172A61C76000D1FA7C /* Project object */ = {
			isa = PBXProject;
			attributes = {
				BuildIndependentTargetsInParallel = 1;
				LastSwiftUpdateCheck = 1430;
				LastUpgradeCheck = 1430;
				TargetAttributes = {
					7207701E2A61C76000D1FA7C = {
						CreatedOnToolsVersion = 14.3.1;
					};
				};
			};
			buildConfigurationList = 7207701A2A61C76000D1FA7C /* Build configuration list for PBXProject "finalProject" */;
			compatibilityVersion = "Xcode 14.0";
			developmentRegion = en;
			hasScannedForEncodings = 0;
			knownRegions = (
				en,
				Base,
			);
			mainGroup = 720770162A61C76000D1FA7C;
			productRefGroup = 720770202A61C76000D1FA7C /* Products */;
			projectDirPath = "";
			projectRoot = "";
			targets = (
				7207701E2A61C76000D1FA7C /* finalProject */,
			);
		};
/* End PBXProject section */

/* Begin PBXResourcesBuildPhase section */
		7207701D2A61C76000D1FA7C /* Resources */ = {
			isa = PBXResourcesBuildPhase;
			buildActionMask = 2147483647;
			files = (
				7207702A2A61C76200D1FA7C /* Preview Assets.xcassets in Resources */,
				720770272A61C76200D1FA7C /* Assets.xcassets in Resources */,
			);
			runOnlyForDeploymentPostprocessing = 0;
		};
/* End PBXResourcesBuildPhase section */

/* Begin PBXSourcesBuildPhase section */
		7207701B2A61C76000D1FA7C /* Sources */ = {
			isa = PBXSourcesBuildPhase;
			buildActionMask = 2147483647;
			files = (
				D25518F92A69FE2F003B7540 /* OrganizationsForResourves.swift in Sources */,
				D25518ED2A684247003B7540 /* calenderPage.swift in Sources */,
				D25518F72A697362003B7540 /* foodLogPage.swift in Sources */,
				D25518F12A68438A003B7540 /* recipesPage.swift in Sources */,
				D25518FB2A69FEF1003B7540 /* LearnMoreAboutFoodWaste.swift in Sources */,
				D25518FD2A69FF4B003B7540 /* QRCode.swift in Sources */,
				720770252A61C76000D1FA7C /* ContentView.swift in Sources */,
				D25518EF2A68433A003B7540 /* resourcesPage.swift in Sources */,
				720770232A61C76000D1FA7C /* finalProjectApp.swift in Sources */,
			);
			runOnlyForDeploymentPostprocessing = 0;
		};
/* End PBXSourcesBuildPhase section */

/* Begin XCBuildConfiguration section */
		7207702B2A61C76200D1FA7C /* Debug */ = {
			isa = XCBuildConfiguration;
			buildSettings = {
				ALWAYS_SEARCH_USER_PATHS = NO;
				CLANG_ANALYZER_NONNULL = YES;
				CLANG_ANALYZER_NUMBER_OBJECT_CONVERSION = YES_AGGRESSIVE;
				CLANG_CXX_LANGUAGE_STANDARD = "gnu++20";
				CLANG_ENABLE_MODULES = YES;
				CLANG_ENABLE_OBJC_ARC = YES;
				CLANG_ENABLE_OBJC_WEAK = YES;
				CLANG_WARN_BLOCK_CAPTURE_AUTORELEASING = YES;
				CLANG_WARN_BOOL_CONVERSION = YES;
				CLANG_WARN_COMMA = YES;
				CLANG_WARN_CONSTANT_CONVERSION = YES;
				CLANG_WARN_DEPRECATED_OBJC_IMPLEMENTATIONS = YES;
				CLANG_WARN_DIRECT_OBJC_ISA_USAGE = YES_ERROR;
				CLANG_WARN_DOCUMENTATION_COMMENTS = YES;
				CLANG_WARN_EMPTY_BODY = YES;
				CLANG_WARN_ENUM_CONVERSION = YES;
				CLANG_WARN_INFINITE_RECURSION = YES;
				CLANG_WARN_INT_CONVERSION = YES;
				CLANG_WARN_NON_LITERAL_NULL_CONVERSION = YES;
				CLANG_WARN_OBJC_IMPLICIT_RETAIN_SELF = YES;
				CLANG_WARN_OBJC_LITERAL_CONVERSION = YES;
				CLANG_WARN_OBJC_ROOT_CLASS = YES_ERROR;
				CLANG_WARN_QUOTED_INCLUDE_IN_FRAMEWORK_HEADER = YES;
				CLANG_WARN_RANGE_LOOP_ANALYSIS = YES;
				CLANG_WARN_STRICT_PROTOTYPES = YES;
				CLANG_WARN_SUSPICIOUS_MOVE = YES;
				CLANG_WARN_UNGUARDED_AVAILABILITY = YES_AGGRESSIVE;
				CLANG_WARN_UNREACHABLE_CODE = YES;
				CLANG_WARN__DUPLICATE_METHOD_MATCH = YES;
				COPY_PHASE_STRIP = NO;
				DEBUG_INFORMATION_FORMAT = dwarf;
				ENABLE_STRICT_OBJC_MSGSEND = YES;
				ENABLE_TESTABILITY = YES;
				GCC_C_LANGUAGE_STANDARD = gnu11;
				GCC_DYNAMIC_NO_PIC = NO;
				GCC_NO_COMMON_BLOCKS = YES;
				GCC_OPTIMIZATION_LEVEL = 0;
				GCC_PREPROCESSOR_DEFINITIONS = (
					"DEBUG=1",
					"$(inherited)",
				);
				GCC_WARN_64_TO_32_BIT_CONVERSION = YES;
				GCC_WARN_ABOUT_RETURN_TYPE = YES_ERROR;
				GCC_WARN_UNDECLARED_SELECTOR = YES;
				GCC_WARN_UNINITIALIZED_AUTOS = YES_AGGRESSIVE;
				GCC_WARN_UNUSED_FUNCTION = YES;
				GCC_WARN_UNUSED_VARIABLE = YES;
				IPHONEOS_DEPLOYMENT_TARGET = 16.4;
				MTL_ENABLE_DEBUG_INFO = INCLUDE_SOURCE;
				MTL_FAST_MATH = YES;
				ONLY_ACTIVE_ARCH = YES;
				SDKROOT = iphoneos;
				SWIFT_ACTIVE_COMPILATION_CONDITIONS = DEBUG;
				SWIFT_OPTIMIZATION_LEVEL = "-Onone";
			};
			name = Debug;
		};
		7207702C2A61C76200D1FA7C /* Release */ = {
			isa = XCBuildConfiguration;
			buildSettings = {
				ALWAYS_SEARCH_USER_PATHS = NO;
				CLANG_ANALYZER_NONNULL = YES;
				CLANG_ANALYZER_NUMBER_OBJECT_CONVERSION = YES_AGGRESSIVE;
				CLANG_CXX_LANGUAGE_STANDARD = "gnu++20";
				CLANG_ENABLE_MODULES = YES;
				CLANG_ENABLE_OBJC_ARC = YES;
				CLANG_ENABLE_OBJC_WEAK = YES;
				CLANG_WARN_BLOCK_CAPTURE_AUTORELEASING = YES;
				CLANG_WARN_BOOL_CONVERSION = YES;
				CLANG_WARN_COMMA = YES;
				CLANG_WARN_CONSTANT_CONVERSION = YES;
				CLANG_WARN_DEPRECATED_OBJC_IMPLEMENTATIONS = YES;
				CLANG_WARN_DIRECT_OBJC_ISA_USAGE = YES_ERROR;
				CLANG_WARN_DOCUMENTATION_COMMENTS = YES;
				CLANG_WARN_EMPTY_BODY = YES;
				CLANG_WARN_ENUM_CONVERSION = YES;
				CLANG_WARN_INFINITE_RECURSION = YES;
				CLANG_WARN_INT_CONVERSION = YES;
				CLANG_WARN_NON_LITERAL_NULL_CONVERSION = YES;
				CLANG_WARN_OBJC_IMPLICIT_RETAIN_SELF = YES;
				CLANG_WARN_OBJC_LITERAL_CONVERSION = YES;
				CLANG_WARN_OBJC_ROOT_CLASS = YES_ERROR;
				CLANG_WARN_QUOTED_INCLUDE_IN_FRAMEWORK_HEADER = YES;
				CLANG_WARN_RANGE_LOOP_ANALYSIS = YES;
				CLANG_WARN_STRICT_PROTOTYPES = YES;
				CLANG_WARN_SUSPICIOUS_MOVE = YES;
				CLANG_WARN_UNGUARDED_AVAILABILITY = YES_AGGRESSIVE;
				CLANG_WARN_UNREACHABLE_CODE = YES;
				CLANG_WARN__DUPLICATE_METHOD_MATCH = YES;
				COPY_PHASE_STRIP = NO;
				DEBUG_INFORMATION_FORMAT = "dwarf-with-dsym";
				ENABLE_NS_ASSERTIONS = NO;
				ENABLE_STRICT_OBJC_MSGSEND = YES;
				GCC_C_LANGUAGE_STANDARD = gnu11;
				GCC_NO_COMMON_BLOCKS = YES;
				GCC_WARN_64_TO_32_BIT_CONVERSION = YES;
				GCC_WARN_ABOUT_RETURN_TYPE = YES_ERROR;
				GCC_WARN_UNDECLARED_SELECTOR = YES;
				GCC_WARN_UNINITIALIZED_AUTOS = YES_AGGRESSIVE;
				GCC_WARN_UNUSED_FUNCTION = YES;
				GCC_WARN_UNUSED_VARIABLE = YES;
				IPHONEOS_DEPLOYMENT_TARGET = 16.4;
				MTL_ENABLE_DEBUG_INFO = NO;
				MTL_FAST_MATH = YES;
				SDKROOT = iphoneos;
				SWIFT_COMPILATION_MODE = wholemodule;
				SWIFT_OPTIMIZATION_LEVEL = "-O";
				VALIDATE_PRODUCT = YES;
			};
			name = Release;
		};
		7207702E2A61C76200D1FA7C /* Debug */ = {
			isa = XCBuildConfiguration;
			buildSettings = {
				ASSETCATALOG_COMPILER_APPICON_NAME = AppIcon;
				ASSETCATALOG_COMPILER_GLOBAL_ACCENT_COLOR_NAME = AccentColor;
				CODE_SIGN_STYLE = Automatic;
				CURRENT_PROJECT_VERSION = 1;
				DEVELOPMENT_ASSET_PATHS = "\"finalProject/Preview Content\"";
				ENABLE_PREVIEWS = YES;
				GENERATE_INFOPLIST_FILE = YES;
				INFOPLIST_KEY_UIApplicationSceneManifest_Generation = YES;
				INFOPLIST_KEY_UIApplicationSupportsIndirectInputEvents = YES;
				INFOPLIST_KEY_UILaunchScreen_Generation = YES;
				INFOPLIST_KEY_UISupportedInterfaceOrientations_iPad = "UIInterfaceOrientationPortrait UIInterfaceOrientationPortraitUpsideDown UIInterfaceOrientationLandscapeLeft UIInterfaceOrientationLandscapeRight";
				INFOPLIST_KEY_UISupportedInterfaceOrientations_iPhone = "UIInterfaceOrientationPortrait UIInterfaceOrientationLandscapeLeft UIInterfaceOrientationLandscapeRight";
				LD_RUNPATH_SEARCH_PATHS = (
					"$(inherited)",
					"@executable_path/Frameworks",
				);
				MARKETING_VERSION = 1.0;
				PRODUCT_BUNDLE_IDENTIFIER = kwk.finalProject;
				PRODUCT_NAME = "$(TARGET_NAME)";
				SWIFT_EMIT_LOC_STRINGS = YES;
				SWIFT_VERSION = 5.0;
				TARGETED_DEVICE_FAMILY = "1,2";
			};
			name = Debug;
		};
		7207702F2A61C76200D1FA7C /* Release */ = {
			isa = XCBuildConfiguration;
			buildSettings = {
				ASSETCATALOG_COMPILER_APPICON_NAME = AppIcon;
				ASSETCATALOG_COMPILER_GLOBAL_ACCENT_COLOR_NAME = AccentColor;
				CODE_SIGN_STYLE = Automatic;
				CURRENT_PROJECT_VERSION = 1;
				DEVELOPMENT_ASSET_PATHS = "\"finalProject/Preview Content\"";
				ENABLE_PREVIEWS = YES;
				GENERATE_INFOPLIST_FILE = YES;
				INFOPLIST_KEY_UIApplicationSceneManifest_Generation = YES;
				INFOPLIST_KEY_UIApplicationSupportsIndirectInputEvents = YES;
				INFOPLIST_KEY_UILaunchScreen_Generation = YES;
				INFOPLIST_KEY_UISupportedInterfaceOrientations_iPad = "UIInterfaceOrientationPortrait UIInterfaceOrientationPortraitUpsideDown UIInterfaceOrientationLandscapeLeft UIInterfaceOrientationLandscapeRight";
				INFOPLIST_KEY_UISupportedInterfaceOrientations_iPhone = "UIInterfaceOrientationPortrait UIInterfaceOrientationLandscapeLeft UIInterfaceOrientationLandscapeRight";
				LD_RUNPATH_SEARCH_PATHS = (
					"$(inherited)",
					"@executable_path/Frameworks",
				);
				MARKETING_VERSION = 1.0;
				PRODUCT_BUNDLE_IDENTIFIER = kwk.finalProject;
				PRODUCT_NAME = "$(TARGET_NAME)";
				SWIFT_EMIT_LOC_STRINGS = YES;
				SWIFT_VERSION = 5.0;
				TARGETED_DEVICE_FAMILY = "1,2";
			};
			name = Release;
		};
/* End XCBuildConfiguration section */

/* Begin XCConfigurationList section */
		7207701A2A61C76000D1FA7C /* Build configuration list for PBXProject "finalProject" */ = {
			isa = XCConfigurationList;
			buildConfigurations = (
				7207702B2A61C76200D1FA7C /* Debug */,
				7207702C2A61C76200D1FA7C /* Release */,
			);
			defaultConfigurationIsVisible = 0;
			defaultConfigurationName = Release;
		};
		7207702D2A61C76200D1FA7C /* Build configuration list for PBXNativeTarget "finalProject" */ = {
			isa = XCConfigurationList;
			buildConfigurations = (
				7207702E2A61C76200D1FA7C /* Debug */,
				7207702F2A61C76200D1FA7C /* Release */,
			);
			defaultConfigurationIsVisible = 0;
			defaultConfigurationName = Release;
		};
/* End XCConfigurationList section */
	};
	rootObject = 720770172A61C76000D1FA7C /* Project object */;
}
